
Microsoft Visual Studio Solution File, Format Version 12.00
# Visual Studio Version 17
VisualStudioVersion = 17.4.33213.308
MinimumVisualStudioVersion = 10.0.40219.1
Project("{2150E333-8FDC-42A3-9474-1A3956D46DE8}") = "src", "src", "{BDE904F0-347B-4D57-8934-070D628C5566}"
EndProject
Project("{2150E333-8FDC-42A3-9474-1A3956D46DE8}") = "Core", "Core", "{9BF18907-3526-4EBA-865B-639D5D3D83CB}"
EndProject
Project("{2150E333-8FDC-42A3-9474-1A3956D46DE8}") = "Infraestructure", "Infraestructure", "{4D769F7E-209D-44DE-AB89-9A6B5D6D3339}"
EndProject
Project("{2150E333-8FDC-42A3-9474-1A3956D46DE8}") = "Presentation", "Presentation", "{94F529F3-B8AB-4F58-997A-4BD8744129D7}"
EndProject
Project("{9A19103F-16F7-4668-BE54-9A1E7A4F7556}") = "Application", "Application\Application.csproj", "{CBB916B8-D493-4E00-90DA-F56D684D87DB}"
EndProject
Project("{9A19103F-16F7-4668-BE54-9A1E7A4F7556}") = "Domain", "Domain\Domain.csproj", "{C596C788-AC81-4644-9BBC-AE809F5EE3C9}"
EndProject
Project("{9A19103F-16F7-4668-BE54-9A1E7A4F7556}") = "Persistence", "Persistence\Persistence.csproj", "{BBB47AD7-B41E-40DE-AE89-CDA3AA474416}"
EndProject
Project("{9A19103F-16F7-4668-BE54-9A1E7A4F7556}") = "Shared", "Shared\Shared.csproj", "{C294AEA0-70EF-48B5-B6D6-FDC72F761ACE}"
EndProject
Project("{9A19103F-16F7-4668-BE54-9A1E7A4F7556}") = "WebAPI", "WebAPI\WebAPI.csproj", "{32EC6DD3-52AD-4B70-9057-228F1CB158E0}"
EndProject
Global
	GlobalSection(SolutionConfigurationPlatforms) = preSolution
		Debug|Any CPU = Debug|Any CPU
		Release|Any CPU = Release|Any CPU
	EndGlobalSection
	GlobalSection(ProjectConfigurationPlatforms) = postSolution
		{CBB916B8-D493-4E00-90DA-F56D684D87DB}.Debug|Any CPU.ActiveCfg = Debug|Any CPU
		{CBB916B8-D493-4E00-90DA-F56D684D87DB}.Debug|Any CPU.Build.0 = Debug|Any CPU
		{CBB916B8-D493-4E00-90DA-F56D684D87DB}.Release|Any CPU.ActiveCfg = Release|Any CPU
		{CBB916B8-D493-4E00-90DA-F56D684D87DB}.Release|Any CPU.Build.0 = Release|Any CPU
		{C596C788-AC81-4644-9BBC-AE809F5EE3C9}.Debug|Any CPU.ActiveCfg = Debug|Any CPU
		{C596C788-AC81-4644-9BBC-AE809F5EE3C9}.Debug|Any CPU.Build.0 = Debug|Any CPU
		{C596C788-AC81-4644-9BBC-AE809F5EE3C9}.Release|Any CPU.ActiveCfg = Release|Any CPU
		{C596C788-AC81-4644-9BBC-AE809F5EE3C9}.Release|Any CPU.Build.0 = Release|Any CPU
		{BBB47AD7-B41E-40DE-AE89-CDA3AA474416}.Debug|Any CPU.ActiveCfg = Debug|Any CPU
		{BBB47AD7-B41E-40DE-AE89-CDA3AA474416}.Debug|Any CPU.Build.0 = Debug|Any CPU
		{BBB47AD7-B41E-40DE-AE89-CDA3AA474416}.Release|Any CPU.ActiveCfg = Release|Any CPU
		{BBB47AD7-B41E-40DE-AE89-CDA3AA474416}.Release|Any CPU.Build.0 = Release|Any CPU
		{C294AEA0-70EF-48B5-B6D6-FDC72F761ACE}.Debug|Any CPU.ActiveCfg = Debug|Any CPU
		{C294AEA0-70EF-48B5-B6D6-FDC72F761ACE}.Debug|Any CPU.Build.0 = Debug|Any CPU
		{C294AEA0-70EF-48B5-B6D6-FDC72F761ACE}.Release|Any CPU.ActiveCfg = Release|Any CPU
		{C294AEA0-70EF-48B5-B6D6-FDC72F761ACE}.Release|Any CPU.Build.0 = Release|Any CPU
		{32EC6DD3-52AD-4B70-9057-228F1CB158E0}.Debug|Any CPU.ActiveCfg = Debug|Any CPU
		{32EC6DD3-52AD-4B70-9057-228F1CB158E0}.Debug|Any CPU.Build.0 = Debug|Any CPU
		{32EC6DD3-52AD-4B70-9057-228F1CB158E0}.Release|Any CPU.ActiveCfg = Release|Any CPU
		{32EC6DD3-52AD-4B70-9057-228F1CB158E0}.Release|Any CPU.Build.0 = Release|Any CPU
	EndGlobalSection
	GlobalSection(SolutionProperties) = preSolution
		HideSolutionNode = FALSE
	EndGlobalSection
	GlobalSection(NestedProjects) = preSolution
		{9BF18907-3526-4EBA-865B-639D5D3D83CB} = {BDE904F0-347B-4D57-8934-070D628C5566}
		{4D769F7E-209D-44DE-AB89-9A6B5D6D3339} = {BDE904F0-347B-4D57-8934-070D628C5566}
		{94F529F3-B8AB-4F58-997A-4BD8744129D7} = {BDE904F0-347B-4D57-8934-070D628C5566}
		{CBB916B8-D493-4E00-90DA-F56D684D87DB} = {9BF18907-3526-4EBA-865B-639D5D3D83CB}
		{C596C788-AC81-4644-9BBC-AE809F5EE3C9} = {9BF18907-3526-4EBA-865B-639D5D3D83CB}
		{BBB47AD7-B41E-40DE-AE89-CDA3AA474416} = {4D769F7E-209D-44DE-AB89-9A6B5D6D3339}
		{C294AEA0-70EF-48B5-B6D6-FDC72F761ACE} = {4D769F7E-209D-44DE-AB89-9A6B5D6D3339}
		{32EC6DD3-52AD-4B70-9057-228F1CB158E0} = {94F529F3-B8AB-4F58-997A-4BD8744129D7}
	EndGlobalSection
	GlobalSection(ExtensibilityGlobals) = postSolution
		SolutionGuid = {F798E248-47DE-408E-A95A-B6BC9BD51F39}
	EndGlobalSection
EndGlobal
